{
  "version": 4,
  "terraform_version": "0.12.24",
  "serial": 31,
  "lineage": "216ba19c-3455-ed09-d0aa-33e9d118ac6e",
  "outputs": {},
  "resources": [
    {
      "mode": "managed",
      "type": "aws_internet_gateway",
      "name": "gw-magic",
      "provider": "provider.aws",
      "instances": [
        {
          "schema_version": 0,
          "attributes": {
            "id": "igw-06a15dcfef5e5afe9",
            "owner_id": "713644423419",
            "tags": {},
            "vpc_id": "vpc-0aa9797c524e5d688"
          },
          "private": "bnVsbA==",
          "dependencies": [
            "aws_vpc.vpc-magic"
          ]
        }
      ]
    },
    {
      "mode": "managed",
      "type": "aws_route_table",
      "name": "private-rt",
      "provider": "provider.aws",
      "instances": [
        {
          "schema_version": 0,
          "attributes": {
            "id": "rtb-0524b7c6d5e874e63",
            "owner_id": "713644423419",
            "propagating_vgws": [],
            "route": [],
            "tags": {},
            "vpc_id": "vpc-0aa9797c524e5d688"
          },
          "private": "bnVsbA==",
          "dependencies": [
            "aws_vpc.vpc-magic"
          ]
        }
      ]
    },
    {
      "mode": "managed",
      "type": "aws_route_table",
      "name": "public-rt",
      "provider": "provider.aws",
      "instances": [
        {
          "schema_version": 0,
          "attributes": {
            "id": "rtb-034f124843259d61c",
            "owner_id": "713644423419",
            "propagating_vgws": [],
            "route": [
              {
                "cidr_block": "0.0.0.0/0",
                "egress_only_gateway_id": "",
                "gateway_id": "igw-06a15dcfef5e5afe9",
                "instance_id": "",
                "ipv6_cidr_block": "",
                "nat_gateway_id": "",
                "network_interface_id": "",
                "transit_gateway_id": "",
                "vpc_peering_connection_id": ""
              }
            ],
            "tags": {},
            "vpc_id": "vpc-0aa9797c524e5d688"
          },
          "private": "bnVsbA==",
          "dependencies": [
            "aws_internet_gateway.gw-magic",
            "aws_vpc.vpc-magic"
          ]
        }
      ]
    },
    {
      "mode": "managed",
      "type": "aws_vpc",
      "name": "vpc-magic",
      "provider": "provider.aws",
      "instances": [
        {
          "schema_version": 1,
          "attributes": {
            "arn": "arn:aws:ec2:eu-west-1:713644423419:vpc/vpc-0aa9797c524e5d688",
            "assign_generated_ipv6_cidr_block": false,
            "cidr_block": "10.0.0.0/16",
            "default_network_acl_id": "acl-0c239e522fb930550",
            "default_route_table_id": "rtb-07dbae0b88e414212",
            "default_security_group_id": "sg-0e14455c561fe0716",
            "dhcp_options_id": "dopt-c9acf2af",
            "enable_classiclink": false,
            "enable_classiclink_dns_support": false,
            "enable_dns_hostnames": false,
            "enable_dns_support": true,
            "id": "vpc-0aa9797c524e5d688",
            "instance_tenancy": "default",
            "ipv6_association_id": "",
            "ipv6_cidr_block": "",
            "main_route_table_id": "rtb-07dbae0b88e414212",
            "owner_id": "713644423419",
            "tags": {}
          },
          "private": "eyJzY2hlbWFfdmVyc2lvbiI6IjEifQ=="
        }
      ]
    }
  ]
}
